// !$*UTF8*$!
{
	archiveVersion = 1;
	classes = {
	};
	objectVersion = 110;
	objects = {

/* Begin PBXBuildFile section */
		43CCC9D93064F14200F09637 /* WidgetKit.framework in Frameworks */ = {isa = PBXBuildFile; fileRef = 43CCC9D83064F14200F09637 /* WidgetKit.framework */; };
		43CCC9DB3064F14200F09637 /* SwiftUI.framework in Frameworks */ = {isa = PBXBuildFile; fileRef = 43CCC9DA3064F14200F09637 /* SwiftUI.framework */; };
		43CCC9E83064F14300F09637 /* RailWidgetsExtension.appex in Embed Foundation Extensions */ = {isa = PBXBuildFile; fileRef = 43CCC9D63064F14200F09637 /* RailWidgetsExtension.appex */; settings = {ATTRIBUTES = (RemoveHeadersOnCopy, ); }; };
/* End PBXBuildFile section */

/* Begin PBXContainerItemProxy section */
		43CCC9E63064F14300F09637 /* PBXContainerItemProxy */ = {
			isa = PBXContainerItemProxy;
			containerPortal = 43A0FC71305EE86100EB7FD9 /* Project object */;
			proxyType = 1;
			remoteGlobalIDString = 43CCC9D53064F14200F09637;
			remoteInfo = RailWidgetsExtension;
		};
/* End PBXContainerItemProxy section */

/* Begin PBXCopyFilesBuildPhase section */
		43CCC9ED3064F14300F09637 /* Embed Foundation Extensions */ = {
			isa = PBXCopyFilesBuildPhase;
			dstPath = "";
			dstSubfolder = PlugIns;
			files = (
				43CCC9E83064F14300F09637 /* RailWidgetsExtension.appex in Embed Foundation Extensions */,
			);
			name = "Embed Foundation Extensions";
		};
/* End PBXCopyFilesBuildPhase section */

/* Begin PBXFileReference section */
		43A0FC79305EE86200EB7FD9 /* Rail.app */ = {isa = PBXFileReference; explicitFileType = wrapper.application; includeInIndex = 0; path = Rail.app; sourceTree = BUILT_PRODUCTS_DIR; };
		43CCC9D63064F14200F09637 /* RailWidgetsExtension.appex */ = {isa = PBXFileReference; explicitFileType = "wrapper.app-extension"; includeInIndex = 0; path = RailWidgetsExtension.appex; sourceTree = BUILT_PRODUCTS_DIR; };
		43CCC9D83064F14200F09637 /* WidgetKit.framework */ = {isa = PBXFileReference; lastKnownFileType = wrapper.framework; name = WidgetKit.framework; path = System/Library/Frameworks/WidgetKit.framework; sourceTree = SDKROOT; };
		43CCC9DA3064F14200F09637 /* SwiftUI.framework */ = {isa = PBXFileReference; lastKnownFileType = wrapper.framework; name = SwiftUI.framework; path = System/Library/Frameworks/SwiftUI.framework; sourceTree = SDKROOT; };
		43CCC9EE3064F18300F09637 /* RailWidgetsExtension.entitlements */ = {isa = PBXFileReference; lastKnownFileType = text.plist.entitlements; path = RailWidgetsExtension.entitlements; sourceTree = "<group>"; };
/* End PBXFileReference section */

/* Begin PBXFileSystemSynchronizedBuildFileExceptionSet section */
		43CCC9E93064F14300F09637 /* Exceptions for "RailWidgets" folder in "RailWidgetsExtension" target */ = {
			isa = PBXFileSystemSynchronizedBuildFileExceptionSet;
			membershipExceptions = (
				Info.plist,
			);
			target = 43CCC9D53064F14200F09637 /* RailWidgetsExtension */;
		};
		43CCC9F03064F1E000F09637 /* Exceptions for "Rail" folder in "RailWidgetsExtension" target */ = {
			isa = PBXFileSystemSynchronizedBuildFileExceptionSet;
			membershipExceptions = (
				App/RailSchema.swift,
				App/RailStore.swift,
				App/RailWidgetLink.swift,
				Assets.xcassets,
				DesignSystem/Border.swift,
				DesignSystem/Elevation.swift,
				DesignSystem/LineTint.swift,
				DesignSystem/Radius.swift,
				DesignSystem/Size.swift,
				DesignSystem/Spacing.swift,
				DesignSystem/Typography.swift,
				Localizable.xcstrings,
				"Model/Calendar+ServiceDay.swift",
				Model/EncodedPolyline.swift,
				Model/FavoriteStation.swift,
				Model/Line.swift,
				Model/LineStop.swift,
				Model/LiveTrain.swift,
				Model/LocalDataState.swift,
				Model/RealtimeFeed.swift,
				Model/RouteShapeCache.swift,
				Model/SavedLocation.swift,
				Model/SavedStation.swift,
				Model/ServiceAlert.swift,
				Model/ServiceAlertFeed.swift,
				Model/Station.swift,
				Model/Timetable.swift,
				Model/TransitNetwork.swift,
				Model/TravelEstimate.swift,
				Model/TravelRoute.swift,
				Model/Trip.swift,
				Model/UserLocation.swift,
				View/Components/Atoms/LineBadge.swift,
				"View/Components/Color+Hex.swift",
				View/Presentation/StationSchedule.swift,
			);
			target = 43CCC9D53064F14200F09637 /* RailWidgetsExtension */;
		};
/* End PBXFileSystemSynchronizedBuildFileExceptionSet section */

/* Begin PBXFileSystemSynchronizedRootGroup section */
		43A0FC7B305EE86200EB7FD9 /* Rail */ = {
			isa = PBXFileSystemSynchronizedRootGroup;
			exceptions = (
				43CCC9F03064F1E000F09637 /* Exceptions for "Rail" folder in "RailWidgetsExtension" target */,
			);
			path = Rail;
			sourceTree = "<group>";
		};
		43CCC9DC3064F14200F09637 /* RailWidgets */ = {
			isa = PBXFileSystemSynchronizedRootGroup;
			exceptions = (
				43CCC9E93064F14300F09637 /* Exceptions for "RailWidgets" folder in "RailWidgetsExtension" target */,
			);
			path = RailWidgets;
			sourceTree = "<group>";
		};
/* End PBXFileSystemSynchronizedRootGroup section */

/* Begin PBXFrameworksBuildPhase section */
		43A0FC76305EE86200EB7FD9 /* Frameworks */ = {
			isa = PBXFrameworksBuildPhase;
			files = (
			);
		};
		43CCC9D33064F14200F09637 /* Frameworks */ = {
			isa = PBXFrameworksBuildPhase;
			files = (
				43CCC9DB3064F14200F09637 /* SwiftUI.framework in Frameworks */,
				43CCC9D93064F14200F09637 /* WidgetKit.framework in Frameworks */,
			);
		};
/* End PBXFrameworksBuildPhase section */

/* Begin PBXGroup section */
		43A0FC70305EE86100EB7FD9 = {
			isa = PBXGroup;
			children = (
				43CCC9EE3064F18300F09637 /* RailWidgetsExtension.entitlements */,
				43A0FC7B305EE86200EB7FD9 /* Rail */,
				43CCC9DC3064F14200F09637 /* RailWidgets */,
				43CCC9D73064F14200F09637 /* Frameworks */,
				43A0FC7A305EE86200EB7FD9 /* Products */,
			);
			sourceTree = "<group>";
		};
		43A0FC7A305EE86200EB7FD9 /* Products */ = {
			isa = PBXGroup;
			children = (
				43A0FC79305EE86200EB7FD9 /* Rail.app */,
				43CCC9D63064F14200F09637 /* RailWidgetsExtension.appex */,
			);
			name = Products;
			sourceTree = "<group>";
		};
		43CCC9D73064F14200F09637 /* Frameworks */ = {
			isa = PBXGroup;
			children = (
				43CCC9D83064F14200F09637 /* WidgetKit.framework */,
				43CCC9DA3064F14200F09637 /* SwiftUI.framework */,
			);
			name = Frameworks;
			sourceTree = "<group>";
		};
/* End PBXGroup section */

/* Begin PBXNativeTarget section */
		43A0FC78305EE86200EB7FD9 /* Rail */ = {
			isa = PBXNativeTarget;
			buildConfigurationList = 43A0FC86305EE86200EB7FD9 /* Build configuration list for PBXNativeTarget "Rail" */;
			buildPhases = (
				43A0FC75305EE86200EB7FD9 /* Sources */,
				43A0FC76305EE86200EB7FD9 /* Frameworks */,
				43A0FC77305EE86200EB7FD9 /* Resources */,
				43CCC9ED3064F14300F09637 /* Embed Foundation Extensions */,
			);
			buildRules = (
			);
			dependencies = (
				43CCC9E73064F14300F09637 /* PBXTargetDependency */,
			);
			fileSystemSynchronizedGroups = (
				43A0FC7B305EE86200EB7FD9 /* Rail */,
			);
			name = Rail;
			productName = Rail;
			productReference = 43A0FC79305EE86200EB7FD9 /* Rail.app */;
			productType = "com.apple.product-type.application";
		};
		43CCC9D53064F14200F09637 /* RailWidgetsExtension */ = {
			isa = PBXNativeTarget;
			buildConfigurationList = 43CCC9EA3064F14300F09637 /* Build configuration list for PBXNativeTarget "RailWidgetsExtension" */;
			buildPhases = (
				43CCC9D23064F14200F09637 /* Sources */,
				43CCC9D33064F14200F09637 /* Frameworks */,
				43CCC9D43064F14200F09637 /* Resources */,
			);
			buildRules = (
			);
			fileSystemSynchronizedGroups = (
				43CCC9DC3064F14200F09637 /* RailWidgets */,
			);
			name = RailWidgetsExtension;
			productName = RailWidgetsExtension;
			productReference = 43CCC9D63064F14200F09637 /* RailWidgetsExtension.appex */;
			productType = "com.apple.product-type.app-extension";
		};
/* End PBXNativeTarget section */

/* Begin PBXProject section */
		43A0FC71305EE86100EB7FD9 /* Project object */ = {
			isa = PBXProject;
			attributes = {
				BuildIndependentTargetsInParallel = 1;
				LastSwiftUpdateCheck = 2700;
				LastUpgradeCheck = 2700;
				TargetAttributes = {
					43A0FC78305EE86200EB7FD9 = {
						CreatedOnToolsVersion = 27.0;
					};
					43CCC9D53064F14200F09637 = {
						CreatedOnToolsVersion = 27.0;
					};
				};
			};
			buildConfigurationList = 43A0FC74305EE86100EB7FD9 /* Build configuration list for PBXProject "Rail" */;
			developmentRegion = en;
			hasScannedForEncodings = 0;
			knownRegions = (
				en,
				Base,
			);
			mainGroup = 43A0FC70305EE86100EB7FD9;
			minimizedProjectReferenceProxies = 1;
			preferredProjectObjectVersion = 77;
			productRefGroup = 43A0FC7A305EE86200EB7FD9 /* Products */;
			projectDirPath = "";
			projectRoot = "";
			targets = (
				43A0FC78305EE86200EB7FD9 /* Rail */,
				43CCC9D53064F14200F09637 /* RailWidgetsExtension */,
			);
		};
/* End PBXProject section */

/* Begin PBXResourcesBuildPhase section */
		43A0FC77305EE86200EB7FD9 /* Resources */ = {
			isa = PBXResourcesBuildPhase;
			files = (
			);
		};
		43CCC9D43064F14200F09637 /* Resources */ = {
			isa = PBXResourcesBuildPhase;
			files = (
			);
		};
/* End PBXResourcesBuildPhase section */

/* Begin PBXSourcesBuildPhase section */
		43A0FC75305EE86200EB7FD9 /* Sources */ = {
			isa = PBXSourcesBuildPhase;
			files = (
			);
		};
		43CCC9D23064F14200F09637 /* Sources */ = {
			isa = PBXSourcesBuildPhase;
			files = (
			);
		};
/* End PBXSourcesBuildPhase section */

/* Begin PBXTargetDependency section */
		43CCC9E73064F14300F09637 /* PBXTargetDependency */ = {
			isa = PBXTargetDependency;
			target = 43CCC9D53064F14200F09637 /* RailWidgetsExtension */;
			targetProxy = 43CCC9E63064F14300F09637 /* PBXContainerItemProxy */;
		};
/* End PBXTargetDependency section */

/* Begin XCBuildConfiguration section */
		43A0FC84305EE86200EB7FD9 /* Debug configuration for PBXProject "Rail" */ = {
			isa = XCBuildConfiguration;
			buildSettings = {
				ALWAYS_SEARCH_USER_PATHS = NO;
				ASSETCATALOG_COMPILER_GENERATE_SWIFT_ASSET_SYMBOL_EXTENSIONS = YES;
				CLANG_ANALYZER_NONNULL = YES;
				CLANG_ANALYZER_NUMBER_OBJECT_CONVERSION = YES_AGGRESSIVE;
				CLANG_CXX_LANGUAGE_STANDARD = "gnu++20";
				CLANG_ENABLE_MODULES = YES;
				CLANG_ENABLE_OBJC_ARC = YES;
				CLANG_ENABLE_OBJC_WEAK = YES;
				CLANG_WARN_BLOCK_CAPTURE_AUTORELEASING = YES;
				CLANG_WARN_BOOL_CONVERSION = YES;
				CLANG_WARN_COMMA = YES;
				CLANG_WARN_CONSTANT_CONVERSION = YES;
				CLANG_WARN_DEPRECATED_OBJC_IMPLEMENTATIONS = YES;
				CLANG_WARN_DIRECT_OBJC_ISA_USAGE = YES_ERROR;
				CLANG_WARN_DOCUMENTATION_COMMENTS = YES;
				CLANG_WARN_EMPTY_BODY = YES;
				CLANG_WARN_ENUM_CONVERSION = YES;
				CLANG_WARN_INFINITE_RECURSION = YES;
				CLANG_WARN_INT_CONVERSION = YES;
				CLANG_WARN_NON_LITERAL_NULL_CONVERSION = YES;
				CLANG_WARN_OBJC_IMPLICIT_RETAIN_SELF = YES;
				CLANG_WARN_OBJC_LITERAL_CONVERSION = YES;
				CLANG_WARN_OBJC_ROOT_CLASS = YES_ERROR;
				CLANG_WARN_QUOTED_INCLUDE_IN_FRAMEWORK_HEADER = YES;
				CLANG_WARN_RANGE_LOOP_ANALYSIS = YES;
				CLANG_WARN_STRICT_PROTOTYPES = YES;
				CLANG_WARN_SUSPICIOUS_MOVE = YES;
				CLANG_WARN_UNGUARDED_AVAILABILITY = YES_AGGRESSIVE;
				CLANG_WARN_UNREACHABLE_CODE = YES;
				CLANG_WARN__DUPLICATE_METHOD_MATCH = YES;
				COPY_PHASE_STRIP = NO;
				DEBUG_INFORMATION_FORMAT = dwarf;
				DEVELOPMENT_TEAM = 2TV9M762BP;
				ENABLE_STRICT_OBJC_MSGSEND = YES;
				ENABLE_TESTABILITY = YES;
				ENABLE_USER_SCRIPT_SANDBOXING = YES;
				GCC_C_LANGUAGE_STANDARD = gnu17;
				GCC_DYNAMIC_NO_PIC = NO;
				GCC_NO_COMMON_BLOCKS = YES;
				GCC_OPTIMIZATION_LEVEL = 0;
				GCC_PREPROCESSOR_DEFINITIONS = (
					"DEBUG=1",
					"$(inherited)",
				);
				GCC_WARN_64_TO_32_BIT_CONVERSION = YES;
				GCC_WARN_ABOUT_RETURN_TYPE = YES_ERROR;
				GCC_WARN_UNDECLARED_SELECTOR = YES;
				GCC_WARN_UNINITIALIZED_AUTOS = YES_AGGRESSIVE;
				GCC_WARN_UNUSED_FUNCTION = YES;
				GCC_WARN_UNUSED_VARIABLE = YES;
				IPHONEOS_DEPLOYMENT_TARGET = 27.0;
				LOCALIZATION_PREFERS_STRING_CATALOGS = YES;
				MTL_ENABLE_DEBUG_INFO = INCLUDE_SOURCE;
				MTL_FAST_MATH = YES;
				ONLY_ACTIVE_ARCH = YES;
				SDKROOT = iphoneos;
				SWIFT_ACTIVE_COMPILATION_CONDITIONS = "DEBUG $(inherited)";
				SWIFT_OPTIMIZATION_LEVEL = "-Onone";
			};
			name = Debug;
		};
		43A0FC85305EE86200EB7FD9 /* Release configuration for PBXProject "Rail" */ = {
			isa = XCBuildConfiguration;
			buildSettings = {
				ALWAYS_SEARCH_USER_PATHS = NO;
				ASSETCATALOG_COMPILER_GENERATE_SWIFT_ASSET_SYMBOL_EXTENSIONS = YES;
				CLANG_ANALYZER_NONNULL = YES;
				CLANG_ANALYZER_NUMBER_OBJECT_CONVERSION = YES_AGGRESSIVE;
				CLANG_CXX_LANGUAGE_STANDARD = "gnu++20";
				CLANG_ENABLE_MODULES = YES;
				CLANG_ENABLE_OBJC_ARC = YES;
				CLANG_ENABLE_OBJC_WEAK = YES;
				CLANG_WARN_BLOCK_CAPTURE_AUTORELEASING = YES;
				CLANG_WARN_BOOL_CONVERSION = YES;
				CLANG_WARN_COMMA = YES;
				CLANG_WARN_CONSTANT_CONVERSION = YES;
				CLANG_WARN_DEPRECATED_OBJC_IMPLEMENTATIONS = YES;
				CLANG_WARN_DIRECT_OBJC_ISA_USAGE = YES_ERROR;
				CLANG_WARN_DOCUMENTATION_COMMENTS = YES;
				CLANG_WARN_EMPTY_BODY = YES;
				CLANG_WARN_ENUM_CONVERSION = YES;
				CLANG_WARN_INFINITE_RECURSION = YES;
				CLANG_WARN_INT_CONVERSION = YES;
				CLANG_WARN_NON_LITERAL_NULL_CONVERSION = YES;
				CLANG_WARN_OBJC_IMPLICIT_RETAIN_SELF = YES;
				CLANG_WARN_OBJC_LITERAL_CONVERSION = YES;
				CLANG_WARN_OBJC_ROOT_CLASS = YES_ERROR;
				CLANG_WARN_QUOTED_INCLUDE_IN_FRAMEWORK_HEADER = YES;
				CLANG_WARN_RANGE_LOOP_ANALYSIS = YES;
				CLANG_WARN_STRICT_PROTOTYPES = YES;
				CLANG_WARN_SUSPICIOUS_MOVE = YES;
				CLANG_WARN_UNGUARDED_AVAILABILITY = YES_AGGRESSIVE;
				CLANG_WARN_UNREACHABLE_CODE = YES;
				CLANG_WARN__DUPLICATE_METHOD_MATCH = YES;
				COPY_PHASE_STRIP = NO;
				DEBUG_INFORMATION_FORMAT = "dwarf-with-dsym";
				DEVELOPMENT_TEAM = 2TV9M762BP;
				ENABLE_NS_ASSERTIONS = NO;
				ENABLE_STRICT_OBJC_MSGSEND = YES;
				ENABLE_USER_SCRIPT_SANDBOXING = YES;
				GCC_C_LANGUAGE_STANDARD = gnu17;
				GCC_NO_COMMON_BLOCKS = YES;
				GCC_WARN_64_TO_32_BIT_CONVERSION = YES;
				GCC_WARN_ABOUT_RETURN_TYPE = YES_ERROR;
				GCC_WARN_UNDECLARED_SELECTOR = YES;
				GCC_WARN_UNINITIALIZED_AUTOS = YES_AGGRESSIVE;
				GCC_WARN_UNUSED_FUNCTION = YES;
				GCC_WARN_UNUSED_VARIABLE = YES;
				IPHONEOS_DEPLOYMENT_TARGET = 27.0;
				LOCALIZATION_PREFERS_STRING_CATALOGS = YES;
				MTL_ENABLE_DEBUG_INFO = NO;
				MTL_FAST_MATH = YES;
				SDKROOT = iphoneos;
				SWIFT_COMPILATION_MODE = wholemodule;
				VALIDATE_PRODUCT = YES;
			};
			name = Release;
		};
		43A0FC87305EE86200EB7FD9 /* Debug configuration for PBXNativeTarget "Rail" */ = {
			isa = XCBuildConfiguration;
			buildSettings = {
				ASSETCATALOG_COMPILER_APPICON_NAME = AppIcon;
				ASSETCATALOG_COMPILER_GLOBAL_ACCENT_COLOR_NAME = AccentColor;
				CODE_SIGN_ENTITLEMENTS = Rail/Rail.entitlements;
				CODE_SIGN_STYLE = Automatic;
				CURRENT_PROJECT_VERSION = 1;
				DEVELOPMENT_TEAM = 2TV9M762BP;
				ENABLE_PREVIEWS = YES;
				GENERATE_INFOPLIST_FILE = YES;
				INFOPLIST_FILE = "Rail-Info.plist";
				INFOPLIST_KEY_CFBundleDisplayName = Rail;
				INFOPLIST_KEY_NSLocationWhenInUseUsageDescription = "Rail usa tu ubicación para situarte en el mapa, mostrarte las estaciones más cercanas y calcular a qué distancia estás de cada una.";
				INFOPLIST_KEY_UIApplicationSceneManifest_Generation = YES;
				INFOPLIST_KEY_UIApplicationSupportsIndirectInputEvents = YES;
				INFOPLIST_KEY_UILaunchScreen_Generation = YES;
				INFOPLIST_KEY_UISupportedInterfaceOrientations_iPad = "UIInterfaceOrientationPortrait UIInterfaceOrientationPortraitUpsideDown UIInterfaceOrientationLandscapeLeft UIInterfaceOrientationLandscapeRight";
				INFOPLIST_KEY_UISupportedInterfaceOrientations_iPhone = "UIInterfaceOrientationPortrait UIInterfaceOrientationLandscapeLeft UIInterfaceOrientationLandscapeRight";
				IPHONEOS_DEPLOYMENT_TARGET = 26.6;
				LD_RUNPATH_SEARCH_PATHS = (
					"$(inherited)",
					"@executable_path/Frameworks",
				);
				MARKETING_VERSION = 1.0;
				PRODUCT_BUNDLE_IDENTIFIER = com.JadeHorizonStudio.Rail;
				PRODUCT_NAME = "$(TARGET_NAME)";
				RAIL_API_BASE_URL = "https://dz49cmp4ihid8.cloudfront.net";
				REGISTER_APP_GROUPS = YES;
				STRING_CATALOG_GENERATE_SYMBOLS = YES;
				SWIFT_APPROACHABLE_CONCURRENCY = YES;
				SWIFT_DEFAULT_ACTOR_ISOLATION = nonisolated;
				SWIFT_EMIT_LOC_STRINGS = YES;
				SWIFT_UPCOMING_FEATURE_MEMBER_IMPORT_VISIBILITY = YES;
				SWIFT_VERSION = 6.0;
				TARGETED_DEVICE_FAMILY = "1,2";
			};
			name = Debug;
		};
		43A0FC88305EE86200EB7FD9 /* Release configuration for PBXNativeTarget "Rail" */ = {
			isa = XCBuildConfiguration;
			buildSettings = {
				ASSETCATALOG_COMPILER_APPICON_NAME = AppIcon;
				ASSETCATALOG_COMPILER_GLOBAL_ACCENT_COLOR_NAME = AccentColor;
				CODE_SIGN_ENTITLEMENTS = Rail/Rail.entitlements;
				CODE_SIGN_STYLE = Automatic;
				CURRENT_PROJECT_VERSION = 1;
				DEVELOPMENT_TEAM = 2TV9M762BP;
				ENABLE_PREVIEWS = YES;
				GENERATE_INFOPLIST_FILE = YES;
				INFOPLIST_FILE = "Rail-Info.plist";
				INFOPLIST_KEY_CFBundleDisplayName = Rail;
				INFOPLIST_KEY_NSLocationWhenInUseUsageDescription = "Rail usa tu ubicación para situarte en el mapa, mostrarte las estaciones más cercanas y calcular a qué distancia estás de cada una.";
				INFOPLIST_KEY_UIApplicationSceneManifest_Generation = YES;
				INFOPLIST_KEY_UIApplicationSupportsIndirectInputEvents = YES;
				INFOPLIST_KEY_UILaunchScreen_Generation = YES;
				INFOPLIST_KEY_UISupportedInterfaceOrientations_iPad = "UIInterfaceOrientationPortrait UIInterfaceOrientationPortraitUpsideDown UIInterfaceOrientationLandscapeLeft UIInterfaceOrientationLandscapeRight";
				INFOPLIST_KEY_UISupportedInterfaceOrientations_iPhone = "UIInterfaceOrientationPortrait UIInterfaceOrientationLandscapeLeft UIInterfaceOrientationLandscapeRight";
				IPHONEOS_DEPLOYMENT_TARGET = 26.6;
				LD_RUNPATH_SEARCH_PATHS = (
					"$(inherited)",
					"@executable_path/Frameworks",
				);
				MARKETING_VERSION = 1.0;
				PRODUCT_BUNDLE_IDENTIFIER = com.JadeHorizonStudio.Rail;
				PRODUCT_NAME = "$(TARGET_NAME)";
				RAIL_API_BASE_URL = "https://dz49cmp4ihid8.cloudfront.net";
				REGISTER_APP_GROUPS = YES;
				STRING_CATALOG_GENERATE_SYMBOLS = YES;
				SWIFT_APPROACHABLE_CONCURRENCY = YES;
				SWIFT_DEFAULT_ACTOR_ISOLATION = nonisolated;
				SWIFT_EMIT_LOC_STRINGS = YES;
				SWIFT_UPCOMING_FEATURE_MEMBER_IMPORT_VISIBILITY = YES;
				SWIFT_VERSION = 6.0;
				TARGETED_DEVICE_FAMILY = "1,2";
			};
			name = Release;
		};
		43CCC9EB3064F14300F09637 /* Debug configuration for PBXNativeTarget "RailWidgetsExtension" */ = {
			isa = XCBuildConfiguration;
			buildSettings = {
				ASSETCATALOG_COMPILER_GLOBAL_ACCENT_COLOR_NAME = AccentColor;
				ASSETCATALOG_COMPILER_WIDGET_BACKGROUND_COLOR_NAME = WidgetBackground;
				CODE_SIGN_ENTITLEMENTS = RailWidgetsExtension.entitlements;
				CODE_SIGN_STYLE = Automatic;
				CURRENT_PROJECT_VERSION = 1;
				DEVELOPMENT_TEAM = 2TV9M762BP;
				GENERATE_INFOPLIST_FILE = YES;
				INFOPLIST_FILE = RailWidgets/Info.plist;
				INFOPLIST_KEY_CFBundleDisplayName = RailWidgets;
				INFOPLIST_KEY_NSHumanReadableCopyright = "";
				LD_RUNPATH_SEARCH_PATHS = (
					"$(inherited)",
					"@executable_path/Frameworks",
					"@executable_path/../../Frameworks",
				);
				MARKETING_VERSION = 1.0;
				PRODUCT_BUNDLE_IDENTIFIER = com.JadeHorizonStudio.Rail.RailWidgets;
				PRODUCT_NAME = "$(TARGET_NAME)";
				REGISTER_APP_GROUPS = YES;
				SKIP_INSTALL = YES;
				STRING_CATALOG_GENERATE_SYMBOLS = YES;
				SWIFT_APPROACHABLE_CONCURRENCY = YES;
				SWIFT_EMIT_LOC_STRINGS = YES;
				SWIFT_UPCOMING_FEATURE_MEMBER_IMPORT_VISIBILITY = YES;
				SWIFT_VERSION = 6.0;
				TARGETED_DEVICE_FAMILY = "1,2";
			};
			name = Debug;
		};
		43CCC9EC3064F14300F09637 /* Release configuration for PBXNativeTarget "RailWidgetsExtension" */ = {
			isa = XCBuildConfiguration;
			buildSettings = {
				ASSETCATALOG_COMPILER_GLOBAL_ACCENT_COLOR_NAME = AccentColor;
				ASSETCATALOG_COMPILER_WIDGET_BACKGROUND_COLOR_NAME = WidgetBackground;
				CODE_SIGN_ENTITLEMENTS = RailWidgetsExtension.entitlements;
				CODE_SIGN_STYLE = Automatic;
				CURRENT_PROJECT_VERSION = 1;
				DEVELOPMENT_TEAM = 2TV9M762BP;
				GENERATE_INFOPLIST_FILE = YES;
				INFOPLIST_FILE = RailWidgets/Info.plist;
				INFOPLIST_KEY_CFBundleDisplayName = RailWidgets;
				INFOPLIST_KEY_NSHumanReadableCopyright = "";
				LD_RUNPATH_SEARCH_PATHS = (
					"$(inherited)",
					"@executable_path/Frameworks",
					"@executable_path/../../Frameworks",
				);
				MARKETING_VERSION = 1.0;
				PRODUCT_BUNDLE_IDENTIFIER = com.JadeHorizonStudio.Rail.RailWidgets;
				PRODUCT_NAME = "$(TARGET_NAME)";
				REGISTER_APP_GROUPS = YES;
				SKIP_INSTALL = YES;
				STRING_CATALOG_GENERATE_SYMBOLS = YES;
				SWIFT_APPROACHABLE_CONCURRENCY = YES;
				SWIFT_EMIT_LOC_STRINGS = YES;
				SWIFT_UPCOMING_FEATURE_MEMBER_IMPORT_VISIBILITY = YES;
				SWIFT_VERSION = 6.0;
				TARGETED_DEVICE_FAMILY = "1,2";
			};
			name = Release;
		};
/* End XCBuildConfiguration section */

/* Begin XCConfigurationList section */
		43A0FC74305EE86100EB7FD9 /* Build configuration list for PBXProject "Rail" */ = {
			isa = XCConfigurationList;
			buildConfigurations = (
				43A0FC84305EE86200EB7FD9 /* Debug configuration for PBXProject "Rail" */,
				43A0FC85305EE86200EB7FD9 /* Release configuration for PBXProject "Rail" */,
			);
			defaultConfigurationName = Release;
		};
		43A0FC86305EE86200EB7FD9 /* Build configuration list for PBXNativeTarget "Rail" */ = {
			isa = XCConfigurationList;
			buildConfigurations = (
				43A0FC87305EE86200EB7FD9 /* Debug configuration for PBXNativeTarget "Rail" */,
				43A0FC88305EE86200EB7FD9 /* Release configuration for PBXNativeTarget "Rail" */,
			);
			defaultConfigurationName = Release;
		};
		43CCC9EA3064F14300F09637 /* Build configuration list for PBXNativeTarget "RailWidgetsExtension" */ = {
			isa = XCConfigurationList;
			buildConfigurations = (
				43CCC9EB3064F14300F09637 /* Debug configuration for PBXNativeTarget "RailWidgetsExtension" */,
				43CCC9EC3064F14300F09637 /* Release configuration for PBXNativeTarget "RailWidgetsExtension" */,
			);
			defaultConfigurationName = Release;
		};
/* End XCConfigurationList section */
	};
	rootObject = 43A0FC71305EE86100EB7FD9 /* Project object */;
	validationLevel = 1;
}
